
Microsoft Visual Studio Solution File, Format Version 12.00
# Visual Studio Version 16
VisualStudioVersion = 16.0.30517.126
MinimumVisualStudioVersion = 10.0.40219.1
Project("{FAE04EC0-301F-11D3-BF4B-00C04F79EFBC}") = "InventorySystem", "InventorySystem\InventorySystem.csproj", "{0D96FE54-58D3-4FCB-9636-5947A6B9821D}"
EndProject
Global
	GlobalSection(SolutionConfigurationPlatforms) = preSolution
		Debug|Any CPU = Debug|Any CPU
		Release|Any CPU = Release|Any CPU
	EndGlobalSection
	GlobalSection(ProjectConfigurationPlatforms) = postSolution
		{0D96FE54-58D3-4FCB-9636-5947A6B9821D}.Debug|Any CPU.ActiveCfg = Debug|Any CPU
		{0D96FE54-58D3-4FCB-9636-5947A6B9821D}.Debug|Any CPU.Build.0 = Debug|Any CPU
		{0D96FE54-58D3-4FCB-9636-5947A6B9821D}.Release|Any CPU.ActiveCfg = Release|Any CPU
		{0D96FE54-58D3-4FCB-9636-5947A6B9821D}.Release|Any CPU.Build.0 = Release|Any CPU
	EndGlobalSection
	GlobalSection(SolutionProperties) = preSolution
		HideSolutionNode = FALSE
	EndGlobalSection
	GlobalSection(ExtensibilityGlobals) = postSolution
		SolutionGuid = {3C127F4A-CD62-465A-A0C9-F31E695644D7}
	EndGlobalSection
EndGlobal
